{
  "name": "space-era-cli",
  "version": "1.0.0",
  "lockfileVersion": 3,
  "requires": true,
  "packages": {
    "": {
      "name": "space-era-cli",
      "version": "1.0.0",
      "dependencies": {
        "space-era-calendar": "file:../javascript"
      },
      "bin": {
        "space-era": "bin/cli.js"
      }
    },
    "node_modules/space-era-calendar": {
      "version": "1.0.0",
      "resolved": "file:../javascript",
      "license": "CC-BY-SA-4.0"
    }
  }
}
